Microsoft Visual Studio Solution File, Format Version 12.00
# Visual Studio 15
VisualStudioVersion = 15.0.27004.2006
MinimumVisualStudioVersion = 15.0.26124.0
Project("{2150E333-8FDC-42A3-9474-1A3956D46DE8}") = "src", "src", "{24E34995-7A1C-45FC-855F-389B725AB9FF}"
	ProjectSection(SolutionItems) = preProject
		src\README.md = src\README.md
	EndProjectSection
EndProject
Project("{9A19103F-16F7-4668-BE54-9A1E7A4F7556}") = "Jcd.Utilities", "src\Jcd.Utilities\Jcd.Utilities.csproj", "{B8DC0B56-0CA8-40A7-8337-6FA09A0C58C9}"
EndProject
Project("{2150E333-8FDC-42A3-9474-1A3956D46DE8}") = "test", "test", "{568BCB2F-7083-4D5E-A68A-5480B9E0E4EF}"
	ProjectSection(SolutionItems) = preProject
		test\README.md = test\README.md
	EndProjectSection
EndProject
Project("{9A19103F-16F7-4668-BE54-9A1E7A4F7556}") = "Jcd.Utilities.Test", "test\Jcd.Utilities.Test\Jcd.Utilities.Test.csproj", "{4956D776-7A28-4C32-8D91-881CD56F94CB}"
EndProject
Project("{2150E333-8FDC-42A3-9474-1A3956D46DE8}") = "samples", "samples", "{BEF3967B-0A9C-4DD7-A48E-00D7BCE3B1C2}"
	ProjectSection(SolutionItems) = preProject
		samples\README.md = samples\README.md
	EndProjectSection
EndProject
Project("{9A19103F-16F7-4668-BE54-9A1E7A4F7556}") = "Jcd.Utilities.Samples.ConsoleApp", "samples\Jcd.Utilities.Samples.Console\Jcd.Utilities.Samples.ConsoleApp.csproj", "{452D6D0D-607D-49CD-9034-7DBFFD19A742}"
EndProject
Project("{2150E333-8FDC-42A3-9474-1A3956D46DE8}") = "Solution Items", "Solution Items", "{0CB4B54C-3F6B-4422-9156-FC33CE2F49B7}"
	ProjectSection(SolutionItems) = preProject
		CHANGELOG.md = CHANGELOG.md
		CONTRIBUTING.md = CONTRIBUTING.md
		ISSUE_TEMPLATE.md = ISSUE_TEMPLATE.md
		LICENSE = LICENSE
		README.md = README.md
	EndProjectSection
EndProject
Project("{2150E333-8FDC-42A3-9474-1A3956D46DE8}") = "build", "build", "{E3AB00D3-7921-487F-BDD2-709F00517C5A}"
	ProjectSection(SolutionItems) = preProject
		build\build.sh = build\build.sh
		build\README.md = build\README.md
	EndProjectSection
EndProject
Global
	GlobalSection(SolutionConfigurationPlatforms) = preSolution
		Debug|Any CPU = Debug|Any CPU
		Debug|x64 = Debug|x64
		Debug|x86 = Debug|x86
		Release|Any CPU = Release|Any CPU
		Release|x64 = Release|x64
		Release|x86 = Release|x86
	EndGlobalSection
	GlobalSection(ProjectConfigurationPlatforms) = postSolution
		{B8DC0B56-0CA8-40A7-8337-6FA09A0C58C9}.Debug|Any CPU.ActiveCfg = Debug|Any CPU
		{B8DC0B56-0CA8-40A7-8337-6FA09A0C58C9}.Debug|Any CPU.Build.0 = Debug|Any CPU
		{B8DC0B56-0CA8-40A7-8337-6FA09A0C58C9}.Debug|x64.ActiveCfg = Debug|Any CPU
		{B8DC0B56-0CA8-40A7-8337-6FA09A0C58C9}.Debug|x64.Build.0 = Debug|Any CPU
		{B8DC0B56-0CA8-40A7-8337-6FA09A0C58C9}.Debug|x86.ActiveCfg = Debug|Any CPU
		{B8DC0B56-0CA8-40A7-8337-6FA09A0C58C9}.Debug|x86.Build.0 = Debug|Any CPU
		{B8DC0B56-0CA8-40A7-8337-6FA09A0C58C9}.Release|Any CPU.ActiveCfg = Release|Any CPU
		{B8DC0B56-0CA8-40A7-8337-6FA09A0C58C9}.Release|Any CPU.Build.0 = Release|Any CPU
		{B8DC0B56-0CA8-40A7-8337-6FA09A0C58C9}.Release|x64.ActiveCfg = Release|Any CPU
		{B8DC0B56-0CA8-40A7-8337-6FA09A0C58C9}.Release|x64.Build.0 = Release|Any CPU
		{B8DC0B56-0CA8-40A7-8337-6FA09A0C58C9}.Release|x86.ActiveCfg = Release|Any CPU
		{B8DC0B56-0CA8-40A7-8337-6FA09A0C58C9}.Release|x86.Build.0 = Release|Any CPU
		{4956D776-7A28-4C32-8D91-881CD56F94CB}.Debug|Any CPU.ActiveCfg = Debug|Any CPU
		{4956D776-7A28-4C32-8D91-881CD56F94CB}.Debug|Any CPU.Build.0 = Debug|Any CPU
		{4956D776-7A28-4C32-8D91-881CD56F94CB}.Debug|x64.ActiveCfg = Debug|Any CPU
		{4956D776-7A28-4C32-8D91-881CD56F94CB}.Debug|x64.Build.0 = Debug|Any CPU
		{4956D776-7A28-4C32-8D91-881CD56F94CB}.Debug|x86.ActiveCfg = Debug|Any CPU
		{4956D776-7A28-4C32-8D91-881CD56F94CB}.Debug|x86.Build.0 = Debug|Any CPU
		{4956D776-7A28-4C32-8D91-881CD56F94CB}.Release|Any CPU.ActiveCfg = Release|Any CPU
		{4956D776-7A28-4C32-8D91-881CD56F94CB}.Release|Any CPU.Build.0 = Release|Any CPU
		{4956D776-7A28-4C32-8D91-881CD56F94CB}.Release|x64.ActiveCfg = Release|Any CPU
		{4956D776-7A28-4C32-8D91-881CD56F94CB}.Release|x64.Build.0 = Release|Any CPU
		{4956D776-7A28-4C32-8D91-881CD56F94CB}.Release|x86.ActiveCfg = Release|Any CPU
		{4956D776-7A28-4C32-8D91-881CD56F94CB}.Release|x86.Build.0 = Release|Any CPU
		{452D6D0D-607D-49CD-9034-7DBFFD19A742}.Debug|Any CPU.ActiveCfg = Debug|Any CPU
		{452D6D0D-607D-49CD-9034-7DBFFD19A742}.Debug|Any CPU.Build.0 = Debug|Any CPU
		{452D6D0D-607D-49CD-9034-7DBFFD19A742}.Debug|x64.ActiveCfg = Debug|Any CPU
		{452D6D0D-607D-49CD-9034-7DBFFD19A742}.Debug|x64.Build.0 = Debug|Any CPU
		{452D6D0D-607D-49CD-9034-7DBFFD19A742}.Debug|x86.ActiveCfg = Debug|Any CPU
		{452D6D0D-607D-49CD-9034-7DBFFD19A742}.Debug|x86.Build.0 = Debug|Any CPU
		{452D6D0D-607D-49CD-9034-7DBFFD19A742}.Release|Any CPU.ActiveCfg = Release|Any CPU
		{452D6D0D-607D-49CD-9034-7DBFFD19A742}.Release|Any CPU.Build.0 = Release|Any CPU
		{452D6D0D-607D-49CD-9034-7DBFFD19A742}.Release|x64.ActiveCfg = Release|Any CPU
		{452D6D0D-607D-49CD-9034-7DBFFD19A742}.Release|x64.Build.0 = Release|Any CPU
		{452D6D0D-607D-49CD-9034-7DBFFD19A742}.Release|x86.ActiveCfg = Release|Any CPU
		{452D6D0D-607D-49CD-9034-7DBFFD19A742}.Release|x86.Build.0 = Release|Any CPU
	EndGlobalSection
	GlobalSection(SolutionProperties) = preSolution
		HideSolutionNode = FALSE
	EndGlobalSection
	GlobalSection(NestedProjects) = preSolution
		{B8DC0B56-0CA8-40A7-8337-6FA09A0C58C9} = {24E34995-7A1C-45FC-855F-389B725AB9FF}
		{4956D776-7A28-4C32-8D91-881CD56F94CB} = {568BCB2F-7083-4D5E-A68A-5480B9E0E4EF}
		{452D6D0D-607D-49CD-9034-7DBFFD19A742} = {BEF3967B-0A9C-4DD7-A48E-00D7BCE3B1C2}
	EndGlobalSection
	GlobalSection(ExtensibilityGlobals) = postSolution
		SolutionGuid = {C4F2F8AB-7193-4451-BAED-8585E5E379AD}
	EndGlobalSection
EndGlobal
